{
  "name": "kodluyoruzkoawebserver",
  "version": "1.0.0",
  "lockfileVersion": 2,
  "requires": true,
  "packages": {
    "": {
      "name": "kodluyoruzkoawebserver",
      "version": "1.0.0",
      "license": "ISC",
      "dependencies": {
        "kao": "^1.3.29"
      }
    },
    "node_modules/kao": {
      "version": "1.3.29",
      "resolved": "https://registry.npmjs.org/kao/-/kao-1.3.29.tgz",
      "integrity": "sha512-2t48zd37PQB6eg+T743L4jF1Ep+JjcqPW9p/QwSCPu8rvXPn4I+PFQS52i7sPTcA4drlFDBgTtxgjxRYJajH8g=="
    }
  },
  "dependencies": {
    "kao": {
      "version": "1.3.29",
      "resolved": "https://registry.npmjs.org/kao/-/kao-1.3.29.tgz",
      "integrity": "sha512-2t48zd37PQB6eg+T743L4jF1Ep+JjcqPW9p/QwSCPu8rvXPn4I+PFQS52i7sPTcA4drlFDBgTtxgjxRYJajH8g=="
    }
  }
}
